
Microsoft Visual Studio Solution File, Format Version 12.00
# Visual Studio Version 16
VisualStudioVersion = 16.0.31729.503
MinimumVisualStudioVersion = 10.0.40219.1
Project("{FAE04EC0-301F-11D3-BF4B-00C04F79EFBC}") = "ООП 2 ЛАБА", "ООП 2 ЛАБА\ООП 2 ЛАБА.csproj", "{B993518C-12D8-4518-BC79-DA47F31743CF}"
EndProject
Project("{FAE04EC0-301F-11D3-BF4B-00C04F79EFBC}") = "ABST", "ABST\ABST.csproj", "{8771A3D8-79DF-4CA5-884F-13F2CBABAC12}"
EndProject
Global
	GlobalSection(SolutionConfigurationPlatforms) = preSolution
		Debug|Any CPU = Debug|Any CPU
		Release|Any CPU = Release|Any CPU
	EndGlobalSection
	GlobalSection(ProjectConfigurationPlatforms) = postSolution
		{B993518C-12D8-4518-BC79-DA47F31743CF}.Debug|Any CPU.ActiveCfg = Debug|Any CPU
		{B993518C-12D8-4518-BC79-DA47F31743CF}.Debug|Any CPU.Build.0 = Debug|Any CPU
		{B993518C-12D8-4518-BC79-DA47F31743CF}.Release|Any CPU.ActiveCfg = Release|Any CPU
		{B993518C-12D8-4518-BC79-DA47F31743CF}.Release|Any CPU.Build.0 = Release|Any CPU
		{8771A3D8-79DF-4CA5-884F-13F2CBABAC12}.Debug|Any CPU.ActiveCfg = Debug|Any CPU
		{8771A3D8-79DF-4CA5-884F-13F2CBABAC12}.Debug|Any CPU.Build.0 = Debug|Any CPU
		{8771A3D8-79DF-4CA5-884F-13F2CBABAC12}.Release|Any CPU.ActiveCfg = Release|Any CPU
		{8771A3D8-79DF-4CA5-884F-13F2CBABAC12}.Release|Any CPU.Build.0 = Release|Any CPU
	EndGlobalSection
	GlobalSection(SolutionProperties) = preSolution
		HideSolutionNode = FALSE
	EndGlobalSection
	GlobalSection(ExtensibilityGlobals) = postSolution
		SolutionGuid = {02F01CC0-3DF9-46C7-9506-C41D7D9D4A32}
	EndGlobalSection
EndGlobal
